
Microsoft Visual Studio Solution File, Format Version 9.00
# Visual Studio 2005
Project("{8BC9CEB8-8B4A-11D0-8D11-00A0C91BC942}") = "SYNetCard", "..\SYNetCard\SYNetCard\SYNetCard.vcproj", "{BD4ACBAD-D66B-486E-A43A-4A3764CE22AA}"
EndProject
Project("{8BC9CEB8-8B4A-11D0-8D11-00A0C91BC942}") = "SYNetCardDemo", "..\SYNetCardDemo\SYNetCardDemo\SYNetCardDemo.vcproj", "{E0442370-F6EC-4CA4-85A7-E5F382235DFC}"
	ProjectSection(ProjectDependencies) = postProject
		{BD4ACBAD-D66B-486E-A43A-4A3764CE22AA} = {BD4ACBAD-D66B-486E-A43A-4A3764CE22AA}
	EndProjectSection
EndProject
Global
	GlobalSection(SolutionConfigurationPlatforms) = preSolution
		Debug|Win32 = Debug|Win32
		Release|Win32 = Release|Win32
	EndGlobalSection
	GlobalSection(ProjectConfigurationPlatforms) = postSolution
		{BD4ACBAD-D66B-486E-A43A-4A3764CE22AA}.Debug|Win32.ActiveCfg = Debug|Win32
		{BD4ACBAD-D66B-486E-A43A-4A3764CE22AA}.Debug|Win32.Build.0 = Debug|Win32
		{BD4ACBAD-D66B-486E-A43A-4A3764CE22AA}.Release|Win32.ActiveCfg = Release|Win32
		{BD4ACBAD-D66B-486E-A43A-4A3764CE22AA}.Release|Win32.Build.0 = Release|Win32
		{E0442370-F6EC-4CA4-85A7-E5F382235DFC}.Debug|Win32.ActiveCfg = Debug|Win32
		{E0442370-F6EC-4CA4-85A7-E5F382235DFC}.Debug|Win32.Build.0 = Debug|Win32
		{E0442370-F6EC-4CA4-85A7-E5F382235DFC}.Release|Win32.ActiveCfg = Release|Win32
		{E0442370-F6EC-4CA4-85A7-E5F382235DFC}.Release|Win32.Build.0 = Release|Win32
	EndGlobalSection
	GlobalSection(SolutionProperties) = preSolution
		HideSolutionNode = FALSE
	EndGlobalSection
EndGlobal
